
Microsoft Visual Studio Solution File, Format Version 12.00
# Visual Studio Version 17
VisualStudioVersion = 17.3.32929.385
MinimumVisualStudioVersion = 10.0.40219.1
Project("{FAE04EC0-301F-11D3-BF4B-00C04F79EFBC}") = "SchedulerDemo", "SchedulerDemo.csproj", "{F6A5C1C9-D479-492C-99B6-6C7F26C98277}"
EndProject
Global
	GlobalSection(SolutionConfigurationPlatforms) = preSolution
		Debug|Any CPU = Debug|Any CPU
		Release|Any CPU = Release|Any CPU
	EndGlobalSection
	GlobalSection(ProjectConfigurationPlatforms) = postSolution
		{F6A5C1C9-D479-492C-99B6-6C7F26C98277}.Debug|Any CPU.ActiveCfg = Debug|Any CPU
		{F6A5C1C9-D479-492C-99B6-6C7F26C98277}.Debug|Any CPU.Build.0 = Debug|Any CPU
		{F6A5C1C9-D479-492C-99B6-6C7F26C98277}.Release|Any CPU.ActiveCfg = Release|Any CPU
		{F6A5C1C9-D479-492C-99B6-6C7F26C98277}.Release|Any CPU.Build.0 = Release|Any CPU
	EndGlobalSection
	GlobalSection(SolutionProperties) = preSolution
		HideSolutionNode = FALSE
	EndGlobalSection
	GlobalSection(ExtensibilityGlobals) = postSolution
		SolutionGuid = {90D81C7B-3E64-4C7A-B61F-E89B8767D44F}
	EndGlobalSection
EndGlobal
